
Microsoft Visual Studio Solution File, Format Version 12.00
# Visual Studio Version 16
VisualStudioVersion = 16.0.30104.148
MinimumVisualStudioVersion = 10.0.40219.1
Project("{8BC9CEB8-8B4A-11D0-8D11-00A0C91BC942}") = "example0", "example0\example0.vcxproj", "{230B871C-5598-4098-98C7-338A1391AC6B}"
EndProject
Project("{8BC9CEB8-8B4A-11D0-8D11-00A0C91BC942}") = "example01", "example1\example1.vcxproj", "{8E50ED80-6D09-4829-81EA-B27E1F6484E7}"
EndProject
Project("{8BC9CEB8-8B4A-11D0-8D11-00A0C91BC942}") = "example02", "example2\example2.vcxproj", "{86E85EB4-C706-4A0A-9EDF-8F57CA868302}"
EndProject
Project("{8BC9CEB8-8B4A-11D0-8D11-00A0C91BC942}") = "example03", "example3\example3.vcxproj", "{6AC45DDD-A4A5-4338-9C72-9B26828B91BA}"
EndProject
Project("{8BC9CEB8-8B4A-11D0-8D11-00A0C91BC942}") = "example04", "example4\example4.vcxproj", "{07F08512-E67F-47C2-B69C-35E12187071F}"
EndProject
Project("{8BC9CEB8-8B4A-11D0-8D11-00A0C91BC942}") = "example05", "example5\example5.vcxproj", "{A9A56EC2-B243-4B07-972E-AA5EDFB5FAD8}"
EndProject
Project("{8BC9CEB8-8B4A-11D0-8D11-00A0C91BC942}") = "example06", "example6\example6.vcxproj", "{05D5E02A-F0FD-4B13-B227-828011EB2909}"
EndProject
Project("{8BC9CEB8-8B4A-11D0-8D11-00A0C91BC942}") = "example07", "example7\example7.vcxproj", "{EF5A0F86-0D50-4065-ACCC-AF1D00660B90}"
EndProject
Project("{8BC9CEB8-8B4A-11D0-8D11-00A0C91BC942}") = "example08", "example8\example8.vcxproj", "{67533C17-FBAB-4C72-8264-DC5B2DE80E4E}"
EndProject
Project("{8BC9CEB8-8B4A-11D0-8D11-00A0C91BC942}") = "example09", "example9\example9.vcxproj", "{7EE89A8C-B508-4859-BE43-07D21AE18E22}"
EndProject
Project("{8BC9CEB8-8B4A-11D0-8D11-00A0C91BC942}") = "example10", "example10\example10.vcxproj", "{84AE61AE-8C08-47AD-A0C3-740ADE57460C}"
EndProject
Project("{8BC9CEB8-8B4A-11D0-8D11-00A0C91BC942}") = "example11", "example11\example11.vcxproj", "{616917CE-B5D5-4DA2-8A07-BF60EC12A0AE}"
EndProject
Project("{8BC9CEB8-8B4A-11D0-8D11-00A0C91BC942}") = "example12", "example12\example12.vcxproj", "{82759906-4A95-49EE-98D1-3C5211D87624}"
EndProject
Project("{8BC9CEB8-8B4A-11D0-8D11-00A0C91BC942}") = "example13", "example13\example13.vcxproj", "{90B23307-5CEA-4D92-AB8C-E6B4E7AC9D6C}"
EndProject
Project("{8BC9CEB8-8B4A-11D0-8D11-00A0C91BC942}") = "example14", "example14\example14.vcxproj", "{72C578FE-73E2-4D2A-B62B-1234549F21A2}"
EndProject
Project("{8BC9CEB8-8B4A-11D0-8D11-00A0C91BC942}") = "example15", "example15\example15.vcxproj", "{56214694-D113-44F2-9CBD-4241BD4F01EA}"
EndProject
Project("{8BC9CEB8-8B4A-11D0-8D11-00A0C91BC942}") = "example16", "example16\example16.vcxproj", "{6BBBE2C3-5251-4794-9FEF-9EAD92B56461}"
EndProject
Project("{8BC9CEB8-8B4A-11D0-8D11-00A0C91BC942}") = "example04a", "example04a\example04a.vcxproj", "{D8EEE1C0-FDE6-4345-8FF0-3A1A5CA20065}"
EndProject
Project("{8BC9CEB8-8B4A-11D0-8D11-00A0C91BC942}") = "example07a", "example07a\example07a.vcxproj", "{5448D2D2-950B-4F23-8BF3-3512DB642597}"
EndProject
Project("{8BC9CEB8-8B4A-11D0-8D11-00A0C91BC942}") = "example04b", "example04b\example04b.vcxproj", "{0C670D91-1AEE-4CCC-BDD3-4CF8D1A73488}"
EndProject
Global
	GlobalSection(SolutionConfigurationPlatforms) = preSolution
		Debug|x64 = Debug|x64
		Debug|x86 = Debug|x86
		Release|x64 = Release|x64
		Release|x86 = Release|x86
	EndGlobalSection
	GlobalSection(ProjectConfigurationPlatforms) = postSolution
		{230B871C-5598-4098-98C7-338A1391AC6B}.Debug|x64.ActiveCfg = Debug|x64
		{230B871C-5598-4098-98C7-338A1391AC6B}.Debug|x64.Build.0 = Debug|x64
		{230B871C-5598-4098-98C7-338A1391AC6B}.Debug|x86.ActiveCfg = Debug|Win32
		{230B871C-5598-4098-98C7-338A1391AC6B}.Debug|x86.Build.0 = Debug|Win32
		{230B871C-5598-4098-98C7-338A1391AC6B}.Release|x64.ActiveCfg = Release|x64
		{230B871C-5598-4098-98C7-338A1391AC6B}.Release|x64.Build.0 = Release|x64
		{230B871C-5598-4098-98C7-338A1391AC6B}.Release|x86.ActiveCfg = Release|Win32
		{230B871C-5598-4098-98C7-338A1391AC6B}.Release|x86.Build.0 = Release|Win32
		{8E50ED80-6D09-4829-81EA-B27E1F6484E7}.Debug|x64.ActiveCfg = Debug|x64
		{8E50ED80-6D09-4829-81EA-B27E1F6484E7}.Debug|x64.Build.0 = Debug|x64
		{8E50ED80-6D09-4829-81EA-B27E1F6484E7}.Debug|x86.ActiveCfg = Debug|Win32
		{8E50ED80-6D09-4829-81EA-B27E1F6484E7}.Debug|x86.Build.0 = Debug|Win32
		{8E50ED80-6D09-4829-81EA-B27E1F6484E7}.Release|x64.ActiveCfg = Release|x64
		{8E50ED80-6D09-4829-81EA-B27E1F6484E7}.Release|x64.Build.0 = Release|x64
		{8E50ED80-6D09-4829-81EA-B27E1F6484E7}.Release|x86.ActiveCfg = Release|Win32
		{8E50ED80-6D09-4829-81EA-B27E1F6484E7}.Release|x86.Build.0 = Release|Win32
		{86E85EB4-C706-4A0A-9EDF-8F57CA868302}.Debug|x64.ActiveCfg = Debug|x64
		{86E85EB4-C706-4A0A-9EDF-8F57CA868302}.Debug|x64.Build.0 = Debug|x64
		{86E85EB4-C706-4A0A-9EDF-8F57CA868302}.Debug|x86.ActiveCfg = Debug|Win32
		{86E85EB4-C706-4A0A-9EDF-8F57CA868302}.Debug|x86.Build.0 = Debug|Win32
		{86E85EB4-C706-4A0A-9EDF-8F57CA868302}.Release|x64.ActiveCfg = Release|x64
		{86E85EB4-C706-4A0A-9EDF-8F57CA868302}.Release|x64.Build.0 = Release|x64
		{86E85EB4-C706-4A0A-9EDF-8F57CA868302}.Release|x86.ActiveCfg = Release|Win32
		{86E85EB4-C706-4A0A-9EDF-8F57CA868302}.Release|x86.Build.0 = Release|Win32
		{6AC45DDD-A4A5-4338-9C72-9B26828B91BA}.Debug|x64.ActiveCfg = Debug|x64
		{6AC45DDD-A4A5-4338-9C72-9B26828B91BA}.Debug|x64.Build.0 = Debug|x64
		{6AC45DDD-A4A5-4338-9C72-9B26828B91BA}.Debug|x86.ActiveCfg = Debug|Win32
		{6AC45DDD-A4A5-4338-9C72-9B26828B91BA}.Debug|x86.Build.0 = Debug|Win32
		{6AC45DDD-A4A5-4338-9C72-9B26828B91BA}.Release|x64.ActiveCfg = Release|x64
		{6AC45DDD-A4A5-4338-9C72-9B26828B91BA}.Release|x64.Build.0 = Release|x64
		{6AC45DDD-A4A5-4338-9C72-9B26828B91BA}.Release|x86.ActiveCfg = Release|Win32
		{6AC45DDD-A4A5-4338-9C72-9B26828B91BA}.Release|x86.Build.0 = Release|Win32
		{07F08512-E67F-47C2-B69C-35E12187071F}.Debug|x64.ActiveCfg = Debug|x64
		{07F08512-E67F-47C2-B69C-35E12187071F}.Debug|x64.Build.0 = Debug|x64
		{07F08512-E67F-47C2-B69C-35E12187071F}.Debug|x86.ActiveCfg = Debug|Win32
		{07F08512-E67F-47C2-B69C-35E12187071F}.Debug|x86.Build.0 = Debug|Win32
		{07F08512-E67F-47C2-B69C-35E12187071F}.Release|x64.ActiveCfg = Release|x64
		{07F08512-E67F-47C2-B69C-35E12187071F}.Release|x64.Build.0 = Release|x64
		{07F08512-E67F-47C2-B69C-35E12187071F}.Release|x86.ActiveCfg = Release|Win32
		{07F08512-E67F-47C2-B69C-35E12187071F}.Release|x86.Build.0 = Release|Win32
		{A9A56EC2-B243-4B07-972E-AA5EDFB5FAD8}.Debug|x64.ActiveCfg = Debug|x64
		{A9A56EC2-B243-4B07-972E-AA5EDFB5FAD8}.Debug|x64.Build.0 = Debug|x64
		{A9A56EC2-B243-4B07-972E-AA5EDFB5FAD8}.Debug|x86.ActiveCfg = Debug|Win32
		{A9A56EC2-B243-4B07-972E-AA5EDFB5FAD8}.Debug|x86.Build.0 = Debug|Win32
		{A9A56EC2-B243-4B07-972E-AA5EDFB5FAD8}.Release|x64.ActiveCfg = Release|x64
		{A9A56EC2-B243-4B07-972E-AA5EDFB5FAD8}.Release|x64.Build.0 = Release|x64
		{A9A56EC2-B243-4B07-972E-AA5EDFB5FAD8}.Release|x86.ActiveCfg = Release|Win32
		{A9A56EC2-B243-4B07-972E-AA5EDFB5FAD8}.Release|x86.Build.0 = Release|Win32
		{05D5E02A-F0FD-4B13-B227-828011EB2909}.Debug|x64.ActiveCfg = Debug|x64
		{05D5E02A-F0FD-4B13-B227-828011EB2909}.Debug|x64.Build.0 = Debug|x64
		{05D5E02A-F0FD-4B13-B227-828011EB2909}.Debug|x86.ActiveCfg = Debug|Win32
		{05D5E02A-F0FD-4B13-B227-828011EB2909}.Debug|x86.Build.0 = Debug|Win32
		{05D5E02A-F0FD-4B13-B227-828011EB2909}.Release|x64.ActiveCfg = Release|x64
		{05D5E02A-F0FD-4B13-B227-828011EB2909}.Release|x64.Build.0 = Release|x64
		{05D5E02A-F0FD-4B13-B227-828011EB2909}.Release|x86.ActiveCfg = Release|Win32
		{05D5E02A-F0FD-4B13-B227-828011EB2909}.Release|x86.Build.0 = Release|Win32
		{EF5A0F86-0D50-4065-ACCC-AF1D00660B90}.Debug|x64.ActiveCfg = Debug|x64
		{EF5A0F86-0D50-4065-ACCC-AF1D00660B90}.Debug|x64.Build.0 = Debug|x64
		{EF5A0F86-0D50-4065-ACCC-AF1D00660B90}.Debug|x86.ActiveCfg = Debug|Win32
		{EF5A0F86-0D50-4065-ACCC-AF1D00660B90}.Debug|x86.Build.0 = Debug|Win32
		{EF5A0F86-0D50-4065-ACCC-AF1D00660B90}.Release|x64.ActiveCfg = Release|x64
		{EF5A0F86-0D50-4065-ACCC-AF1D00660B90}.Release|x64.Build.0 = Release|x64
		{EF5A0F86-0D50-4065-ACCC-AF1D00660B90}.Release|x86.ActiveCfg = Release|Win32
		{EF5A0F86-0D50-4065-ACCC-AF1D00660B90}.Release|x86.Build.0 = Release|Win32
		{67533C17-FBAB-4C72-8264-DC5B2DE80E4E}.Debug|x64.ActiveCfg = Debug|x64
		{67533C17-FBAB-4C72-8264-DC5B2DE80E4E}.Debug|x64.Build.0 = Debug|x64
		{67533C17-FBAB-4C72-8264-DC5B2DE80E4E}.Debug|x86.ActiveCfg = Debug|Win32
		{67533C17-FBAB-4C72-8264-DC5B2DE80E4E}.Debug|x86.Build.0 = Debug|Win32
		{67533C17-FBAB-4C72-8264-DC5B2DE80E4E}.Release|x64.ActiveCfg = Release|x64
		{67533C17-FBAB-4C72-8264-DC5B2DE80E4E}.Release|x64.Build.0 = Release|x64
		{67533C17-FBAB-4C72-8264-DC5B2DE80E4E}.Release|x86.ActiveCfg = Release|Win32
		{67533C17-FBAB-4C72-8264-DC5B2DE80E4E}.Release|x86.Build.0 = Release|Win32
		{7EE89A8C-B508-4859-BE43-07D21AE18E22}.Debug|x64.ActiveCfg = Debug|x64
		{7EE89A8C-B508-4859-BE43-07D21AE18E22}.Debug|x64.Build.0 = Debug|x64
		{7EE89A8C-B508-4859-BE43-07D21AE18E22}.Debug|x86.ActiveCfg = Debug|Win32
		{7EE89A8C-B508-4859-BE43-07D21AE18E22}.Debug|x86.Build.0 = Debug|Win32
		{7EE89A8C-B508-4859-BE43-07D21AE18E22}.Release|x64.ActiveCfg = Release|x64
		{7EE89A8C-B508-4859-BE43-07D21AE18E22}.Release|x64.Build.0 = Release|x64
		{7EE89A8C-B508-4859-BE43-07D21AE18E22}.Release|x86.ActiveCfg = Release|Win32
		{7EE89A8C-B508-4859-BE43-07D21AE18E22}.Release|x86.Build.0 = Release|Win32
		{84AE61AE-8C08-47AD-A0C3-740ADE57460C}.Debug|x64.ActiveCfg = Debug|x64
		{84AE61AE-8C08-47AD-A0C3-740ADE57460C}.Debug|x64.Build.0 = Debug|x64
		{84AE61AE-8C08-47AD-A0C3-740ADE57460C}.Debug|x86.ActiveCfg = Debug|Win32
		{84AE61AE-8C08-47AD-A0C3-740ADE57460C}.Debug|x86.Build.0 = Debug|Win32
		{84AE61AE-8C08-47AD-A0C3-740ADE57460C}.Release|x64.ActiveCfg = Release|x64
		{84AE61AE-8C08-47AD-A0C3-740ADE57460C}.Release|x64.Build.0 = Release|x64
		{84AE61AE-8C08-47AD-A0C3-740ADE57460C}.Release|x86.ActiveCfg = Release|Win32
		{84AE61AE-8C08-47AD-A0C3-740ADE57460C}.Release|x86.Build.0 = Release|Win32
		{616917CE-B5D5-4DA2-8A07-BF60EC12A0AE}.Debug|x64.ActiveCfg = Debug|x64
		{616917CE-B5D5-4DA2-8A07-BF60EC12A0AE}.Debug|x64.Build.0 = Debug|x64
		{616917CE-B5D5-4DA2-8A07-BF60EC12A0AE}.Debug|x86.ActiveCfg = Debug|Win32
		{616917CE-B5D5-4DA2-8A07-BF60EC12A0AE}.Debug|x86.Build.0 = Debug|Win32
		{616917CE-B5D5-4DA2-8A07-BF60EC12A0AE}.Release|x64.ActiveCfg = Release|x64
		{616917CE-B5D5-4DA2-8A07-BF60EC12A0AE}.Release|x64.Build.0 = Release|x64
		{616917CE-B5D5-4DA2-8A07-BF60EC12A0AE}.Release|x86.ActiveCfg = Release|Win32
		{616917CE-B5D5-4DA2-8A07-BF60EC12A0AE}.Release|x86.Build.0 = Release|Win32
		{82759906-4A95-49EE-98D1-3C5211D87624}.Debug|x64.ActiveCfg = Debug|x64
		{82759906-4A95-49EE-98D1-3C5211D87624}.Debug|x64.Build.0 = Debug|x64
		{82759906-4A95-49EE-98D1-3C5211D87624}.Debug|x86.ActiveCfg = Debug|Win32
		{82759906-4A95-49EE-98D1-3C5211D87624}.Debug|x86.Build.0 = Debug|Win32
		{82759906-4A95-49EE-98D1-3C5211D87624}.Release|x64.ActiveCfg = Release|x64
		{82759906-4A95-49EE-98D1-3C5211D87624}.Release|x64.Build.0 = Release|x64
		{82759906-4A95-49EE-98D1-3C5211D87624}.Release|x86.ActiveCfg = Release|Win32
		{82759906-4A95-49EE-98D1-3C5211D87624}.Release|x86.Build.0 = Release|Win32
		{90B23307-5CEA-4D92-AB8C-E6B4E7AC9D6C}.Debug|x64.ActiveCfg = Debug|x64
		{90B23307-5CEA-4D92-AB8C-E6B4E7AC9D6C}.Debug|x64.Build.0 = Debug|x64
		{90B23307-5CEA-4D92-AB8C-E6B4E7AC9D6C}.Debug|x86.ActiveCfg = Debug|Win32
		{90B23307-5CEA-4D92-AB8C-E6B4E7AC9D6C}.Debug|x86.Build.0 = Debug|Win32
		{90B23307-5CEA-4D92-AB8C-E6B4E7AC9D6C}.Release|x64.ActiveCfg = Release|x64
		{90B23307-5CEA-4D92-AB8C-E6B4E7AC9D6C}.Release|x64.Build.0 = Release|x64
		{90B23307-5CEA-4D92-AB8C-E6B4E7AC9D6C}.Release|x86.ActiveCfg = Release|Win32
		{90B23307-5CEA-4D92-AB8C-E6B4E7AC9D6C}.Release|x86.Build.0 = Release|Win32
		{72C578FE-73E2-4D2A-B62B-1234549F21A2}.Debug|x64.ActiveCfg = Debug|x64
		{72C578FE-73E2-4D2A-B62B-1234549F21A2}.Debug|x64.Build.0 = Debug|x64
		{72C578FE-73E2-4D2A-B62B-1234549F21A2}.Debug|x86.ActiveCfg = Debug|Win32
		{72C578FE-73E2-4D2A-B62B-1234549F21A2}.Debug|x86.Build.0 = Debug|Win32
		{72C578FE-73E2-4D2A-B62B-1234549F21A2}.Release|x64.ActiveCfg = Release|x64
		{72C578FE-73E2-4D2A-B62B-1234549F21A2}.Release|x64.Build.0 = Release|x64
		{72C578FE-73E2-4D2A-B62B-1234549F21A2}.Release|x86.ActiveCfg = Release|Win32
		{72C578FE-73E2-4D2A-B62B-1234549F21A2}.Release|x86.Build.0 = Release|Win32
		{56214694-D113-44F2-9CBD-4241BD4F01EA}.Debug|x64.ActiveCfg = Debug|x64
		{56214694-D113-44F2-9CBD-4241BD4F01EA}.Debug|x64.Build.0 = Debug|x64
		{56214694-D113-44F2-9CBD-4241BD4F01EA}.Debug|x86.ActiveCfg = Debug|Win32
		{56214694-D113-44F2-9CBD-4241BD4F01EA}.Debug|x86.Build.0 = Debug|Win32
		{56214694-D113-44F2-9CBD-4241BD4F01EA}.Release|x64.ActiveCfg = Release|x64
		{56214694-D113-44F2-9CBD-4241BD4F01EA}.Release|x64.Build.0 = Release|x64
		{56214694-D113-44F2-9CBD-4241BD4F01EA}.Release|x86.ActiveCfg = Release|Win32
		{56214694-D113-44F2-9CBD-4241BD4F01EA}.Release|x86.Build.0 = Release|Win32
		{6BBBE2C3-5251-4794-9FEF-9EAD92B56461}.Debug|x64.ActiveCfg = Debug|x64
		{6BBBE2C3-5251-4794-9FEF-9EAD92B56461}.Debug|x64.Build.0 = Debug|x64
		{6BBBE2C3-5251-4794-9FEF-9EAD92B56461}.Debug|x86.ActiveCfg = Debug|Win32
		{6BBBE2C3-5251-4794-9FEF-9EAD92B56461}.Debug|x86.Build.0 = Debug|Win32
		{6BBBE2C3-5251-4794-9FEF-9EAD92B56461}.Release|x64.ActiveCfg = Release|x64
		{6BBBE2C3-5251-4794-9FEF-9EAD92B56461}.Release|x64.Build.0 = Release|x64
		{6BBBE2C3-5251-4794-9FEF-9EAD92B56461}.Release|x86.ActiveCfg = Release|Win32
		{6BBBE2C3-5251-4794-9FEF-9EAD92B56461}.Release|x86.Build.0 = Release|Win32
		{D8EEE1C0-FDE6-4345-8FF0-3A1A5CA20065}.Debug|x64.ActiveCfg = Debug|x64
		{D8EEE1C0-FDE6-4345-8FF0-3A1A5CA20065}.Debug|x64.Build.0 = Debug|x64
		{D8EEE1C0-FDE6-4345-8FF0-3A1A5CA20065}.Debug|x86.ActiveCfg = Debug|Win32
		{D8EEE1C0-FDE6-4345-8FF0-3A1A5CA20065}.Debug|x86.Build.0 = Debug|Win32
		{D8EEE1C0-FDE6-4345-8FF0-3A1A5CA20065}.Release|x64.ActiveCfg = Release|x64
		{D8EEE1C0-FDE6-4345-8FF0-3A1A5CA20065}.Release|x64.Build.0 = Release|x64
		{D8EEE1C0-FDE6-4345-8FF0-3A1A5CA20065}.Release|x86.ActiveCfg = Release|Win32
		{D8EEE1C0-FDE6-4345-8FF0-3A1A5CA20065}.Release|x86.Build.0 = Release|Win32
		{5448D2D2-950B-4F23-8BF3-3512DB642597}.Debug|x64.ActiveCfg = Debug|x64
		{5448D2D2-950B-4F23-8BF3-3512DB642597}.Debug|x64.Build.0 = Debug|x64
		{5448D2D2-950B-4F23-8BF3-3512DB642597}.Debug|x86.ActiveCfg = Debug|Win32
		{5448D2D2-950B-4F23-8BF3-3512DB642597}.Debug|x86.Build.0 = Debug|Win32
		{5448D2D2-950B-4F23-8BF3-3512DB642597}.Release|x64.ActiveCfg = Release|x64
		{5448D2D2-950B-4F23-8BF3-3512DB642597}.Release|x64.Build.0 = Release|x64
		{5448D2D2-950B-4F23-8BF3-3512DB642597}.Release|x86.ActiveCfg = Release|Win32
		{5448D2D2-950B-4F23-8BF3-3512DB642597}.Release|x86.Build.0 = Release|Win32
		{0C670D91-1AEE-4CCC-BDD3-4CF8D1A73488}.Debug|x64.ActiveCfg = Debug|x64
		{0C670D91-1AEE-4CCC-BDD3-4CF8D1A73488}.Debug|x64.Build.0 = Debug|x64
		{0C670D91-1AEE-4CCC-BDD3-4CF8D1A73488}.Debug|x86.ActiveCfg = Debug|Win32
		{0C670D91-1AEE-4CCC-BDD3-4CF8D1A73488}.Debug|x86.Build.0 = Debug|Win32
		{0C670D91-1AEE-4CCC-BDD3-4CF8D1A73488}.Release|x64.ActiveCfg = Release|x64
		{0C670D91-1AEE-4CCC-BDD3-4CF8D1A73488}.Release|x64.Build.0 = Release|x64
		{0C670D91-1AEE-4CCC-BDD3-4CF8D1A73488}.Release|x86.ActiveCfg = Release|Win32
		{0C670D91-1AEE-4CCC-BDD3-4CF8D1A73488}.Release|x86.Build.0 = Release|Win32
	EndGlobalSection
	GlobalSection(SolutionProperties) = preSolution
		HideSolutionNode = FALSE
	EndGlobalSection
	GlobalSection(ExtensibilityGlobals) = postSolution
		SolutionGuid = {09B0BE29-81BA-4AA9-8E0B-A91E606EFC5C}
	EndGlobalSection
EndGlobal
