
Microsoft Visual Studio Solution File, Format Version 12.00
# Visual Studio Version 17
VisualStudioVersion = 17.10.35201.131
MinimumVisualStudioVersion = 10.0.40219.1
Project("{8BC9CEB8-8B4A-11D0-8D11-00A0C91BC942}") = "TheClassroom", "TheClassroom\TheClassroom.vcxproj", "{7EF5B6EF-37AA-4EE3-A972-207257CB304D}"
EndProject
Project("{8BC9CEB8-8B4A-11D0-8D11-00A0C91BC942}") = "Project1", "Project1\Project1.vcxproj", "{E4628F45-18A3-45F8-9C6B-AEDE104B7B40}"
EndProject
Project("{8BC9CEB8-8B4A-11D0-8D11-00A0C91BC942}") = "Project2", "Project2\Project2.vcxproj", "{D032A968-BB19-4D95-9A05-B694D2A93CF8}"
EndProject
Project("{8BC9CEB8-8B4A-11D0-8D11-00A0C91BC942}") = "Project3", "Project3\Project3.vcxproj", "{04489196-C260-4946-AA7C-2A67749D0AAC}"
EndProject
Project("{8BC9CEB8-8B4A-11D0-8D11-00A0C91BC942}") = "Project4", "Project4\Project4.vcxproj", "{76DA4DF8-916D-4C69-8742-52271DE466F6}"
EndProject
Project("{8BC9CEB8-8B4A-11D0-8D11-00A0C91BC942}") = "Project5", "Project5\Project5.vcxproj", "{9E33E0AF-4CB0-4325-A0CC-8EB4E31C78DE}"
EndProject
Global
	GlobalSection(SolutionConfigurationPlatforms) = preSolution
		Debug|x64 = Debug|x64
		Debug|x86 = Debug|x86
		Release|x64 = Release|x64
		Release|x86 = Release|x86
	EndGlobalSection
	GlobalSection(ProjectConfigurationPlatforms) = postSolution
		{7EF5B6EF-37AA-4EE3-A972-207257CB304D}.Debug|x64.ActiveCfg = Debug|x64
		{7EF5B6EF-37AA-4EE3-A972-207257CB304D}.Debug|x64.Build.0 = Debug|x64
		{7EF5B6EF-37AA-4EE3-A972-207257CB304D}.Debug|x86.ActiveCfg = Debug|Win32
		{7EF5B6EF-37AA-4EE3-A972-207257CB304D}.Debug|x86.Build.0 = Debug|Win32
		{7EF5B6EF-37AA-4EE3-A972-207257CB304D}.Release|x64.ActiveCfg = Release|x64
		{7EF5B6EF-37AA-4EE3-A972-207257CB304D}.Release|x64.Build.0 = Release|x64
		{7EF5B6EF-37AA-4EE3-A972-207257CB304D}.Release|x86.ActiveCfg = Release|Win32
		{7EF5B6EF-37AA-4EE3-A972-207257CB304D}.Release|x86.Build.0 = Release|Win32
		{E4628F45-18A3-45F8-9C6B-AEDE104B7B40}.Debug|x64.ActiveCfg = Debug|x64
		{E4628F45-18A3-45F8-9C6B-AEDE104B7B40}.Debug|x64.Build.0 = Debug|x64
		{E4628F45-18A3-45F8-9C6B-AEDE104B7B40}.Debug|x86.ActiveCfg = Debug|Win32
		{E4628F45-18A3-45F8-9C6B-AEDE104B7B40}.Debug|x86.Build.0 = Debug|Win32
		{E4628F45-18A3-45F8-9C6B-AEDE104B7B40}.Release|x64.ActiveCfg = Release|x64
		{E4628F45-18A3-45F8-9C6B-AEDE104B7B40}.Release|x64.Build.0 = Release|x64
		{E4628F45-18A3-45F8-9C6B-AEDE104B7B40}.Release|x86.ActiveCfg = Release|Win32
		{E4628F45-18A3-45F8-9C6B-AEDE104B7B40}.Release|x86.Build.0 = Release|Win32
		{D032A968-BB19-4D95-9A05-B694D2A93CF8}.Debug|x64.ActiveCfg = Debug|x64
		{D032A968-BB19-4D95-9A05-B694D2A93CF8}.Debug|x64.Build.0 = Debug|x64
		{D032A968-BB19-4D95-9A05-B694D2A93CF8}.Debug|x86.ActiveCfg = Debug|Win32
		{D032A968-BB19-4D95-9A05-B694D2A93CF8}.Debug|x86.Build.0 = Debug|Win32
		{D032A968-BB19-4D95-9A05-B694D2A93CF8}.Release|x64.ActiveCfg = Release|x64
		{D032A968-BB19-4D95-9A05-B694D2A93CF8}.Release|x64.Build.0 = Release|x64
		{D032A968-BB19-4D95-9A05-B694D2A93CF8}.Release|x86.ActiveCfg = Release|Win32
		{D032A968-BB19-4D95-9A05-B694D2A93CF8}.Release|x86.Build.0 = Release|Win32
		{04489196-C260-4946-AA7C-2A67749D0AAC}.Debug|x64.ActiveCfg = Debug|x64
		{04489196-C260-4946-AA7C-2A67749D0AAC}.Debug|x64.Build.0 = Debug|x64
		{04489196-C260-4946-AA7C-2A67749D0AAC}.Debug|x86.ActiveCfg = Debug|Win32
		{04489196-C260-4946-AA7C-2A67749D0AAC}.Debug|x86.Build.0 = Debug|Win32
		{04489196-C260-4946-AA7C-2A67749D0AAC}.Release|x64.ActiveCfg = Release|x64
		{04489196-C260-4946-AA7C-2A67749D0AAC}.Release|x64.Build.0 = Release|x64
		{04489196-C260-4946-AA7C-2A67749D0AAC}.Release|x86.ActiveCfg = Release|Win32
		{04489196-C260-4946-AA7C-2A67749D0AAC}.Release|x86.Build.0 = Release|Win32
		{76DA4DF8-916D-4C69-8742-52271DE466F6}.Debug|x64.ActiveCfg = Debug|x64
		{76DA4DF8-916D-4C69-8742-52271DE466F6}.Debug|x64.Build.0 = Debug|x64
		{76DA4DF8-916D-4C69-8742-52271DE466F6}.Debug|x86.ActiveCfg = Debug|Win32
		{76DA4DF8-916D-4C69-8742-52271DE466F6}.Debug|x86.Build.0 = Debug|Win32
		{76DA4DF8-916D-4C69-8742-52271DE466F6}.Release|x64.ActiveCfg = Release|x64
		{76DA4DF8-916D-4C69-8742-52271DE466F6}.Release|x64.Build.0 = Release|x64
		{76DA4DF8-916D-4C69-8742-52271DE466F6}.Release|x86.ActiveCfg = Release|Win32
		{76DA4DF8-916D-4C69-8742-52271DE466F6}.Release|x86.Build.0 = Release|Win32
		{9E33E0AF-4CB0-4325-A0CC-8EB4E31C78DE}.Debug|x64.ActiveCfg = Debug|x64
		{9E33E0AF-4CB0-4325-A0CC-8EB4E31C78DE}.Debug|x64.Build.0 = Debug|x64
		{9E33E0AF-4CB0-4325-A0CC-8EB4E31C78DE}.Debug|x86.ActiveCfg = Debug|Win32
		{9E33E0AF-4CB0-4325-A0CC-8EB4E31C78DE}.Debug|x86.Build.0 = Debug|Win32
		{9E33E0AF-4CB0-4325-A0CC-8EB4E31C78DE}.Release|x64.ActiveCfg = Release|x64
		{9E33E0AF-4CB0-4325-A0CC-8EB4E31C78DE}.Release|x64.Build.0 = Release|x64
		{9E33E0AF-4CB0-4325-A0CC-8EB4E31C78DE}.Release|x86.ActiveCfg = Release|Win32
		{9E33E0AF-4CB0-4325-A0CC-8EB4E31C78DE}.Release|x86.Build.0 = Release|Win32
	EndGlobalSection
	GlobalSection(SolutionProperties) = preSolution
		HideSolutionNode = FALSE
	EndGlobalSection
	GlobalSection(ExtensibilityGlobals) = postSolution
		SolutionGuid = {789712CB-6962-4BE3-9477-14E73FD2784F}
	EndGlobalSection
EndGlobal
