
Microsoft Visual Studio Solution File, Format Version 12.00
# Visual Studio Version 17
VisualStudioVersion = 17.10.35201.131
MinimumVisualStudioVersion = 10.0.40219.1
Project("{8BC9CEB8-8B4A-11D0-8D11-00A0C91BC942}") = "TheClassroom", "TheClassroom\TheClassroom.vcxproj", "{99C36164-FB0B-4346-93F2-24CFA71B50A9}"
EndProject
Project("{8BC9CEB8-8B4A-11D0-8D11-00A0C91BC942}") = "Project1", "Project1\Project1.vcxproj", "{ABB65A1C-1F57-4FFB-92D6-65CF319D8177}"
EndProject
Project("{8BC9CEB8-8B4A-11D0-8D11-00A0C91BC942}") = "Project2", "Project2\Project2.vcxproj", "{71C926FF-2296-467A-9A78-B44F735EE2CC}"
EndProject
Project("{8BC9CEB8-8B4A-11D0-8D11-00A0C91BC942}") = "Project4", "Project4\Project4.vcxproj", "{0F079D04-F572-4F00-B247-2A9B6B0D205C}"
EndProject
Project("{8BC9CEB8-8B4A-11D0-8D11-00A0C91BC942}") = "Project5", "Project5\Project5.vcxproj", "{F8F44CD7-69EC-4EC2-BDDF-11FE23F1F29C}"
EndProject
Project("{8BC9CEB8-8B4A-11D0-8D11-00A0C91BC942}") = "Project3", "Project3\Project3.vcxproj", "{2B27B696-0D59-4FD9-802D-81D3F76DFDA1}"
EndProject
Global
	GlobalSection(SolutionConfigurationPlatforms) = preSolution
		Debug|x64 = Debug|x64
		Debug|x86 = Debug|x86
		Release|x64 = Release|x64
		Release|x86 = Release|x86
	EndGlobalSection
	GlobalSection(ProjectConfigurationPlatforms) = postSolution
		{99C36164-FB0B-4346-93F2-24CFA71B50A9}.Debug|x64.ActiveCfg = Debug|x64
		{99C36164-FB0B-4346-93F2-24CFA71B50A9}.Debug|x64.Build.0 = Debug|x64
		{99C36164-FB0B-4346-93F2-24CFA71B50A9}.Debug|x86.ActiveCfg = Debug|Win32
		{99C36164-FB0B-4346-93F2-24CFA71B50A9}.Debug|x86.Build.0 = Debug|Win32
		{99C36164-FB0B-4346-93F2-24CFA71B50A9}.Release|x64.ActiveCfg = Release|x64
		{99C36164-FB0B-4346-93F2-24CFA71B50A9}.Release|x64.Build.0 = Release|x64
		{99C36164-FB0B-4346-93F2-24CFA71B50A9}.Release|x86.ActiveCfg = Release|Win32
		{99C36164-FB0B-4346-93F2-24CFA71B50A9}.Release|x86.Build.0 = Release|Win32
		{ABB65A1C-1F57-4FFB-92D6-65CF319D8177}.Debug|x64.ActiveCfg = Debug|x64
		{ABB65A1C-1F57-4FFB-92D6-65CF319D8177}.Debug|x64.Build.0 = Debug|x64
		{ABB65A1C-1F57-4FFB-92D6-65CF319D8177}.Debug|x86.ActiveCfg = Debug|Win32
		{ABB65A1C-1F57-4FFB-92D6-65CF319D8177}.Debug|x86.Build.0 = Debug|Win32
		{ABB65A1C-1F57-4FFB-92D6-65CF319D8177}.Release|x64.ActiveCfg = Release|x64
		{ABB65A1C-1F57-4FFB-92D6-65CF319D8177}.Release|x64.Build.0 = Release|x64
		{ABB65A1C-1F57-4FFB-92D6-65CF319D8177}.Release|x86.ActiveCfg = Release|Win32
		{ABB65A1C-1F57-4FFB-92D6-65CF319D8177}.Release|x86.Build.0 = Release|Win32
		{71C926FF-2296-467A-9A78-B44F735EE2CC}.Debug|x64.ActiveCfg = Debug|x64
		{71C926FF-2296-467A-9A78-B44F735EE2CC}.Debug|x64.Build.0 = Debug|x64
		{71C926FF-2296-467A-9A78-B44F735EE2CC}.Debug|x86.ActiveCfg = Debug|Win32
		{71C926FF-2296-467A-9A78-B44F735EE2CC}.Debug|x86.Build.0 = Debug|Win32
		{71C926FF-2296-467A-9A78-B44F735EE2CC}.Release|x64.ActiveCfg = Release|x64
		{71C926FF-2296-467A-9A78-B44F735EE2CC}.Release|x64.Build.0 = Release|x64
		{71C926FF-2296-467A-9A78-B44F735EE2CC}.Release|x86.ActiveCfg = Release|Win32
		{71C926FF-2296-467A-9A78-B44F735EE2CC}.Release|x86.Build.0 = Release|Win32
		{0F079D04-F572-4F00-B247-2A9B6B0D205C}.Debug|x64.ActiveCfg = Debug|x64
		{0F079D04-F572-4F00-B247-2A9B6B0D205C}.Debug|x64.Build.0 = Debug|x64
		{0F079D04-F572-4F00-B247-2A9B6B0D205C}.Debug|x86.ActiveCfg = Debug|Win32
		{0F079D04-F572-4F00-B247-2A9B6B0D205C}.Debug|x86.Build.0 = Debug|Win32
		{0F079D04-F572-4F00-B247-2A9B6B0D205C}.Release|x64.ActiveCfg = Release|x64
		{0F079D04-F572-4F00-B247-2A9B6B0D205C}.Release|x64.Build.0 = Release|x64
		{0F079D04-F572-4F00-B247-2A9B6B0D205C}.Release|x86.ActiveCfg = Release|Win32
		{0F079D04-F572-4F00-B247-2A9B6B0D205C}.Release|x86.Build.0 = Release|Win32
		{F8F44CD7-69EC-4EC2-BDDF-11FE23F1F29C}.Debug|x64.ActiveCfg = Debug|x64
		{F8F44CD7-69EC-4EC2-BDDF-11FE23F1F29C}.Debug|x64.Build.0 = Debug|x64
		{F8F44CD7-69EC-4EC2-BDDF-11FE23F1F29C}.Debug|x86.ActiveCfg = Debug|Win32
		{F8F44CD7-69EC-4EC2-BDDF-11FE23F1F29C}.Debug|x86.Build.0 = Debug|Win32
		{F8F44CD7-69EC-4EC2-BDDF-11FE23F1F29C}.Release|x64.ActiveCfg = Release|x64
		{F8F44CD7-69EC-4EC2-BDDF-11FE23F1F29C}.Release|x64.Build.0 = Release|x64
		{F8F44CD7-69EC-4EC2-BDDF-11FE23F1F29C}.Release|x86.ActiveCfg = Release|Win32
		{F8F44CD7-69EC-4EC2-BDDF-11FE23F1F29C}.Release|x86.Build.0 = Release|Win32
		{2B27B696-0D59-4FD9-802D-81D3F76DFDA1}.Debug|x64.ActiveCfg = Debug|x64
		{2B27B696-0D59-4FD9-802D-81D3F76DFDA1}.Debug|x64.Build.0 = Debug|x64
		{2B27B696-0D59-4FD9-802D-81D3F76DFDA1}.Debug|x86.ActiveCfg = Debug|Win32
		{2B27B696-0D59-4FD9-802D-81D3F76DFDA1}.Debug|x86.Build.0 = Debug|Win32
		{2B27B696-0D59-4FD9-802D-81D3F76DFDA1}.Release|x64.ActiveCfg = Release|x64
		{2B27B696-0D59-4FD9-802D-81D3F76DFDA1}.Release|x64.Build.0 = Release|x64
		{2B27B696-0D59-4FD9-802D-81D3F76DFDA1}.Release|x86.ActiveCfg = Release|Win32
		{2B27B696-0D59-4FD9-802D-81D3F76DFDA1}.Release|x86.Build.0 = Release|Win32
	EndGlobalSection
	GlobalSection(SolutionProperties) = preSolution
		HideSolutionNode = FALSE
	EndGlobalSection
	GlobalSection(ExtensibilityGlobals) = postSolution
		SolutionGuid = {9550753F-A82C-401C-8E53-0B3480ED3DE1}
	EndGlobalSection
EndGlobal
