
Microsoft Visual Studio Solution File, Format Version 12.00
# Visual Studio Version 16
VisualStudioVersion = 16.0.30204.135
MinimumVisualStudioVersion = 10.0.40219.1
Project("{8BC9CEB8-8B4A-11D0-8D11-00A0C91BC942}") = "example00", "example00\example00.vcxproj", "{26104910-FD99-4726-B7E7-17300A9061E6}"
EndProject
Project("{8BC9CEB8-8B4A-11D0-8D11-00A0C91BC942}") = "example01", "example01\example01.vcxproj", "{ACC32839-B33E-4A2B-BD15-7E40A8223C70}"
EndProject
Project("{8BC9CEB8-8B4A-11D0-8D11-00A0C91BC942}") = "example02", "example02\example02.vcxproj", "{CB5B5BB2-D030-4B63-AD25-9716A828DD8E}"
EndProject
Project("{8BC9CEB8-8B4A-11D0-8D11-00A0C91BC942}") = "example03", "example03\example03.vcxproj", "{D81BE785-D63A-401C-9C41-DF52A6BE42D1}"
EndProject
Project("{8BC9CEB8-8B4A-11D0-8D11-00A0C91BC942}") = "example03improved", "example03improved\example03improved.vcxproj", "{F94B4111-E659-4EA3-9157-C073D1874687}"
EndProject
Project("{8BC9CEB8-8B4A-11D0-8D11-00A0C91BC942}") = "example04", "example04\example04.vcxproj", "{28D74B3D-0F81-4440-8A83-BC0DE68AE871}"
EndProject
Project("{8BC9CEB8-8B4A-11D0-8D11-00A0C91BC942}") = "example05", "example05\example05.vcxproj", "{75AEFA12-5CD1-45D5-9588-F57465B5A71F}"
EndProject
Project("{8BC9CEB8-8B4A-11D0-8D11-00A0C91BC942}") = "example06", "example06\example06.vcxproj", "{A77F4427-8821-4651-84BA-F2879AB01606}"
EndProject
Project("{8BC9CEB8-8B4A-11D0-8D11-00A0C91BC942}") = "example07", "example07\example07.vcxproj", "{3C9DF43C-6DAA-4E3D-B4C0-9A1E7B07D6A8}"
EndProject
Project("{8BC9CEB8-8B4A-11D0-8D11-00A0C91BC942}") = "example08", "example08\example08.vcxproj", "{E669F5CE-95F5-48EA-9274-63CC3F177574}"
EndProject
Project("{8BC9CEB8-8B4A-11D0-8D11-00A0C91BC942}") = "example09", "example09\example09.vcxproj", "{2603B957-1968-43FF-A2E5-4E2CFD1FB575}"
EndProject
Project("{8BC9CEB8-8B4A-11D0-8D11-00A0C91BC942}") = "example10", "example10\example10.vcxproj", "{0213ED4A-C5DA-4B37-A992-E343327CEFFF}"
EndProject
Project("{8BC9CEB8-8B4A-11D0-8D11-00A0C91BC942}") = "example11", "example11\example11.vcxproj", "{7B0057BF-3802-4F5E-9D4A-8524DA824E42}"
EndProject
Project("{8BC9CEB8-8B4A-11D0-8D11-00A0C91BC942}") = "example12", "example12\example12.vcxproj", "{8DF0BD08-4B2F-47C6-B863-0E291588AA33}"
EndProject
Project("{8BC9CEB8-8B4A-11D0-8D11-00A0C91BC942}") = "example13", "example13\example13.vcxproj", "{A0EDCB81-FF90-4C70-9491-2228DB89F050}"
EndProject
Project("{8BC9CEB8-8B4A-11D0-8D11-00A0C91BC942}") = "example14", "example14\example14.vcxproj", "{261D51C1-5A79-41E0-9BC8-FE35B06C24A4}"
EndProject
Project("{8BC9CEB8-8B4A-11D0-8D11-00A0C91BC942}") = "example15", "example15\example15.vcxproj", "{6B0644D3-6E65-40F1-AEDA-037FF1A30290}"
EndProject
Global
	GlobalSection(SolutionConfigurationPlatforms) = preSolution
		Debug|x64 = Debug|x64
		Debug|x86 = Debug|x86
		Release|x64 = Release|x64
		Release|x86 = Release|x86
	EndGlobalSection
	GlobalSection(ProjectConfigurationPlatforms) = postSolution
		{26104910-FD99-4726-B7E7-17300A9061E6}.Debug|x64.ActiveCfg = Debug|x64
		{26104910-FD99-4726-B7E7-17300A9061E6}.Debug|x64.Build.0 = Debug|x64
		{26104910-FD99-4726-B7E7-17300A9061E6}.Debug|x86.ActiveCfg = Debug|Win32
		{26104910-FD99-4726-B7E7-17300A9061E6}.Debug|x86.Build.0 = Debug|Win32
		{26104910-FD99-4726-B7E7-17300A9061E6}.Release|x64.ActiveCfg = Release|x64
		{26104910-FD99-4726-B7E7-17300A9061E6}.Release|x64.Build.0 = Release|x64
		{26104910-FD99-4726-B7E7-17300A9061E6}.Release|x86.ActiveCfg = Release|Win32
		{26104910-FD99-4726-B7E7-17300A9061E6}.Release|x86.Build.0 = Release|Win32
		{ACC32839-B33E-4A2B-BD15-7E40A8223C70}.Debug|x64.ActiveCfg = Debug|x64
		{ACC32839-B33E-4A2B-BD15-7E40A8223C70}.Debug|x64.Build.0 = Debug|x64
		{ACC32839-B33E-4A2B-BD15-7E40A8223C70}.Debug|x86.ActiveCfg = Debug|Win32
		{ACC32839-B33E-4A2B-BD15-7E40A8223C70}.Debug|x86.Build.0 = Debug|Win32
		{ACC32839-B33E-4A2B-BD15-7E40A8223C70}.Release|x64.ActiveCfg = Release|x64
		{ACC32839-B33E-4A2B-BD15-7E40A8223C70}.Release|x64.Build.0 = Release|x64
		{ACC32839-B33E-4A2B-BD15-7E40A8223C70}.Release|x86.ActiveCfg = Release|Win32
		{ACC32839-B33E-4A2B-BD15-7E40A8223C70}.Release|x86.Build.0 = Release|Win32
		{CB5B5BB2-D030-4B63-AD25-9716A828DD8E}.Debug|x64.ActiveCfg = Debug|x64
		{CB5B5BB2-D030-4B63-AD25-9716A828DD8E}.Debug|x64.Build.0 = Debug|x64
		{CB5B5BB2-D030-4B63-AD25-9716A828DD8E}.Debug|x86.ActiveCfg = Debug|Win32
		{CB5B5BB2-D030-4B63-AD25-9716A828DD8E}.Debug|x86.Build.0 = Debug|Win32
		{CB5B5BB2-D030-4B63-AD25-9716A828DD8E}.Release|x64.ActiveCfg = Release|x64
		{CB5B5BB2-D030-4B63-AD25-9716A828DD8E}.Release|x64.Build.0 = Release|x64
		{CB5B5BB2-D030-4B63-AD25-9716A828DD8E}.Release|x86.ActiveCfg = Release|Win32
		{CB5B5BB2-D030-4B63-AD25-9716A828DD8E}.Release|x86.Build.0 = Release|Win32
		{D81BE785-D63A-401C-9C41-DF52A6BE42D1}.Debug|x64.ActiveCfg = Debug|x64
		{D81BE785-D63A-401C-9C41-DF52A6BE42D1}.Debug|x64.Build.0 = Debug|x64
		{D81BE785-D63A-401C-9C41-DF52A6BE42D1}.Debug|x86.ActiveCfg = Debug|Win32
		{D81BE785-D63A-401C-9C41-DF52A6BE42D1}.Debug|x86.Build.0 = Debug|Win32
		{D81BE785-D63A-401C-9C41-DF52A6BE42D1}.Release|x64.ActiveCfg = Release|x64
		{D81BE785-D63A-401C-9C41-DF52A6BE42D1}.Release|x64.Build.0 = Release|x64
		{D81BE785-D63A-401C-9C41-DF52A6BE42D1}.Release|x86.ActiveCfg = Release|Win32
		{D81BE785-D63A-401C-9C41-DF52A6BE42D1}.Release|x86.Build.0 = Release|Win32
		{F94B4111-E659-4EA3-9157-C073D1874687}.Debug|x64.ActiveCfg = Debug|x64
		{F94B4111-E659-4EA3-9157-C073D1874687}.Debug|x64.Build.0 = Debug|x64
		{F94B4111-E659-4EA3-9157-C073D1874687}.Debug|x86.ActiveCfg = Debug|Win32
		{F94B4111-E659-4EA3-9157-C073D1874687}.Debug|x86.Build.0 = Debug|Win32
		{F94B4111-E659-4EA3-9157-C073D1874687}.Release|x64.ActiveCfg = Release|x64
		{F94B4111-E659-4EA3-9157-C073D1874687}.Release|x64.Build.0 = Release|x64
		{F94B4111-E659-4EA3-9157-C073D1874687}.Release|x86.ActiveCfg = Release|Win32
		{F94B4111-E659-4EA3-9157-C073D1874687}.Release|x86.Build.0 = Release|Win32
		{28D74B3D-0F81-4440-8A83-BC0DE68AE871}.Debug|x64.ActiveCfg = Debug|x64
		{28D74B3D-0F81-4440-8A83-BC0DE68AE871}.Debug|x64.Build.0 = Debug|x64
		{28D74B3D-0F81-4440-8A83-BC0DE68AE871}.Debug|x86.ActiveCfg = Debug|Win32
		{28D74B3D-0F81-4440-8A83-BC0DE68AE871}.Debug|x86.Build.0 = Debug|Win32
		{28D74B3D-0F81-4440-8A83-BC0DE68AE871}.Release|x64.ActiveCfg = Release|x64
		{28D74B3D-0F81-4440-8A83-BC0DE68AE871}.Release|x64.Build.0 = Release|x64
		{28D74B3D-0F81-4440-8A83-BC0DE68AE871}.Release|x86.ActiveCfg = Release|Win32
		{28D74B3D-0F81-4440-8A83-BC0DE68AE871}.Release|x86.Build.0 = Release|Win32
		{75AEFA12-5CD1-45D5-9588-F57465B5A71F}.Debug|x64.ActiveCfg = Debug|x64
		{75AEFA12-5CD1-45D5-9588-F57465B5A71F}.Debug|x64.Build.0 = Debug|x64
		{75AEFA12-5CD1-45D5-9588-F57465B5A71F}.Debug|x86.ActiveCfg = Debug|Win32
		{75AEFA12-5CD1-45D5-9588-F57465B5A71F}.Debug|x86.Build.0 = Debug|Win32
		{75AEFA12-5CD1-45D5-9588-F57465B5A71F}.Release|x64.ActiveCfg = Release|x64
		{75AEFA12-5CD1-45D5-9588-F57465B5A71F}.Release|x64.Build.0 = Release|x64
		{75AEFA12-5CD1-45D5-9588-F57465B5A71F}.Release|x86.ActiveCfg = Release|Win32
		{75AEFA12-5CD1-45D5-9588-F57465B5A71F}.Release|x86.Build.0 = Release|Win32
		{A77F4427-8821-4651-84BA-F2879AB01606}.Debug|x64.ActiveCfg = Debug|x64
		{A77F4427-8821-4651-84BA-F2879AB01606}.Debug|x64.Build.0 = Debug|x64
		{A77F4427-8821-4651-84BA-F2879AB01606}.Debug|x86.ActiveCfg = Debug|Win32
		{A77F4427-8821-4651-84BA-F2879AB01606}.Debug|x86.Build.0 = Debug|Win32
		{A77F4427-8821-4651-84BA-F2879AB01606}.Release|x64.ActiveCfg = Release|x64
		{A77F4427-8821-4651-84BA-F2879AB01606}.Release|x64.Build.0 = Release|x64
		{A77F4427-8821-4651-84BA-F2879AB01606}.Release|x86.ActiveCfg = Release|Win32
		{A77F4427-8821-4651-84BA-F2879AB01606}.Release|x86.Build.0 = Release|Win32
		{3C9DF43C-6DAA-4E3D-B4C0-9A1E7B07D6A8}.Debug|x64.ActiveCfg = Debug|x64
		{3C9DF43C-6DAA-4E3D-B4C0-9A1E7B07D6A8}.Debug|x64.Build.0 = Debug|x64
		{3C9DF43C-6DAA-4E3D-B4C0-9A1E7B07D6A8}.Debug|x86.ActiveCfg = Debug|Win32
		{3C9DF43C-6DAA-4E3D-B4C0-9A1E7B07D6A8}.Debug|x86.Build.0 = Debug|Win32
		{3C9DF43C-6DAA-4E3D-B4C0-9A1E7B07D6A8}.Release|x64.ActiveCfg = Release|x64
		{3C9DF43C-6DAA-4E3D-B4C0-9A1E7B07D6A8}.Release|x64.Build.0 = Release|x64
		{3C9DF43C-6DAA-4E3D-B4C0-9A1E7B07D6A8}.Release|x86.ActiveCfg = Release|Win32
		{3C9DF43C-6DAA-4E3D-B4C0-9A1E7B07D6A8}.Release|x86.Build.0 = Release|Win32
		{E669F5CE-95F5-48EA-9274-63CC3F177574}.Debug|x64.ActiveCfg = Debug|x64
		{E669F5CE-95F5-48EA-9274-63CC3F177574}.Debug|x64.Build.0 = Debug|x64
		{E669F5CE-95F5-48EA-9274-63CC3F177574}.Debug|x86.ActiveCfg = Debug|Win32
		{E669F5CE-95F5-48EA-9274-63CC3F177574}.Debug|x86.Build.0 = Debug|Win32
		{E669F5CE-95F5-48EA-9274-63CC3F177574}.Release|x64.ActiveCfg = Release|x64
		{E669F5CE-95F5-48EA-9274-63CC3F177574}.Release|x64.Build.0 = Release|x64
		{E669F5CE-95F5-48EA-9274-63CC3F177574}.Release|x86.ActiveCfg = Release|Win32
		{E669F5CE-95F5-48EA-9274-63CC3F177574}.Release|x86.Build.0 = Release|Win32
		{2603B957-1968-43FF-A2E5-4E2CFD1FB575}.Debug|x64.ActiveCfg = Debug|x64
		{2603B957-1968-43FF-A2E5-4E2CFD1FB575}.Debug|x64.Build.0 = Debug|x64
		{2603B957-1968-43FF-A2E5-4E2CFD1FB575}.Debug|x86.ActiveCfg = Debug|Win32
		{2603B957-1968-43FF-A2E5-4E2CFD1FB575}.Debug|x86.Build.0 = Debug|Win32
		{2603B957-1968-43FF-A2E5-4E2CFD1FB575}.Release|x64.ActiveCfg = Release|x64
		{2603B957-1968-43FF-A2E5-4E2CFD1FB575}.Release|x64.Build.0 = Release|x64
		{2603B957-1968-43FF-A2E5-4E2CFD1FB575}.Release|x86.ActiveCfg = Release|Win32
		{2603B957-1968-43FF-A2E5-4E2CFD1FB575}.Release|x86.Build.0 = Release|Win32
		{0213ED4A-C5DA-4B37-A992-E343327CEFFF}.Debug|x64.ActiveCfg = Debug|x64
		{0213ED4A-C5DA-4B37-A992-E343327CEFFF}.Debug|x64.Build.0 = Debug|x64
		{0213ED4A-C5DA-4B37-A992-E343327CEFFF}.Debug|x86.ActiveCfg = Debug|Win32
		{0213ED4A-C5DA-4B37-A992-E343327CEFFF}.Debug|x86.Build.0 = Debug|Win32
		{0213ED4A-C5DA-4B37-A992-E343327CEFFF}.Release|x64.ActiveCfg = Release|x64
		{0213ED4A-C5DA-4B37-A992-E343327CEFFF}.Release|x64.Build.0 = Release|x64
		{0213ED4A-C5DA-4B37-A992-E343327CEFFF}.Release|x86.ActiveCfg = Release|Win32
		{0213ED4A-C5DA-4B37-A992-E343327CEFFF}.Release|x86.Build.0 = Release|Win32
		{7B0057BF-3802-4F5E-9D4A-8524DA824E42}.Debug|x64.ActiveCfg = Debug|x64
		{7B0057BF-3802-4F5E-9D4A-8524DA824E42}.Debug|x64.Build.0 = Debug|x64
		{7B0057BF-3802-4F5E-9D4A-8524DA824E42}.Debug|x86.ActiveCfg = Debug|Win32
		{7B0057BF-3802-4F5E-9D4A-8524DA824E42}.Debug|x86.Build.0 = Debug|Win32
		{7B0057BF-3802-4F5E-9D4A-8524DA824E42}.Release|x64.ActiveCfg = Release|x64
		{7B0057BF-3802-4F5E-9D4A-8524DA824E42}.Release|x64.Build.0 = Release|x64
		{7B0057BF-3802-4F5E-9D4A-8524DA824E42}.Release|x86.ActiveCfg = Release|Win32
		{7B0057BF-3802-4F5E-9D4A-8524DA824E42}.Release|x86.Build.0 = Release|Win32
		{8DF0BD08-4B2F-47C6-B863-0E291588AA33}.Debug|x64.ActiveCfg = Debug|x64
		{8DF0BD08-4B2F-47C6-B863-0E291588AA33}.Debug|x64.Build.0 = Debug|x64
		{8DF0BD08-4B2F-47C6-B863-0E291588AA33}.Debug|x86.ActiveCfg = Debug|Win32
		{8DF0BD08-4B2F-47C6-B863-0E291588AA33}.Debug|x86.Build.0 = Debug|Win32
		{8DF0BD08-4B2F-47C6-B863-0E291588AA33}.Release|x64.ActiveCfg = Release|x64
		{8DF0BD08-4B2F-47C6-B863-0E291588AA33}.Release|x64.Build.0 = Release|x64
		{8DF0BD08-4B2F-47C6-B863-0E291588AA33}.Release|x86.ActiveCfg = Release|Win32
		{8DF0BD08-4B2F-47C6-B863-0E291588AA33}.Release|x86.Build.0 = Release|Win32
		{A0EDCB81-FF90-4C70-9491-2228DB89F050}.Debug|x64.ActiveCfg = Debug|x64
		{A0EDCB81-FF90-4C70-9491-2228DB89F050}.Debug|x64.Build.0 = Debug|x64
		{A0EDCB81-FF90-4C70-9491-2228DB89F050}.Debug|x86.ActiveCfg = Debug|Win32
		{A0EDCB81-FF90-4C70-9491-2228DB89F050}.Debug|x86.Build.0 = Debug|Win32
		{A0EDCB81-FF90-4C70-9491-2228DB89F050}.Release|x64.ActiveCfg = Release|x64
		{A0EDCB81-FF90-4C70-9491-2228DB89F050}.Release|x64.Build.0 = Release|x64
		{A0EDCB81-FF90-4C70-9491-2228DB89F050}.Release|x86.ActiveCfg = Release|Win32
		{A0EDCB81-FF90-4C70-9491-2228DB89F050}.Release|x86.Build.0 = Release|Win32
		{261D51C1-5A79-41E0-9BC8-FE35B06C24A4}.Debug|x64.ActiveCfg = Debug|x64
		{261D51C1-5A79-41E0-9BC8-FE35B06C24A4}.Debug|x64.Build.0 = Debug|x64
		{261D51C1-5A79-41E0-9BC8-FE35B06C24A4}.Debug|x86.ActiveCfg = Debug|Win32
		{261D51C1-5A79-41E0-9BC8-FE35B06C24A4}.Debug|x86.Build.0 = Debug|Win32
		{261D51C1-5A79-41E0-9BC8-FE35B06C24A4}.Release|x64.ActiveCfg = Release|x64
		{261D51C1-5A79-41E0-9BC8-FE35B06C24A4}.Release|x64.Build.0 = Release|x64
		{261D51C1-5A79-41E0-9BC8-FE35B06C24A4}.Release|x86.ActiveCfg = Release|Win32
		{261D51C1-5A79-41E0-9BC8-FE35B06C24A4}.Release|x86.Build.0 = Release|Win32
		{6B0644D3-6E65-40F1-AEDA-037FF1A30290}.Debug|x64.ActiveCfg = Debug|x64
		{6B0644D3-6E65-40F1-AEDA-037FF1A30290}.Debug|x64.Build.0 = Debug|x64
		{6B0644D3-6E65-40F1-AEDA-037FF1A30290}.Debug|x86.ActiveCfg = Debug|Win32
		{6B0644D3-6E65-40F1-AEDA-037FF1A30290}.Debug|x86.Build.0 = Debug|Win32
		{6B0644D3-6E65-40F1-AEDA-037FF1A30290}.Release|x64.ActiveCfg = Release|x64
		{6B0644D3-6E65-40F1-AEDA-037FF1A30290}.Release|x64.Build.0 = Release|x64
		{6B0644D3-6E65-40F1-AEDA-037FF1A30290}.Release|x86.ActiveCfg = Release|Win32
		{6B0644D3-6E65-40F1-AEDA-037FF1A30290}.Release|x86.Build.0 = Release|Win32
	EndGlobalSection
	GlobalSection(SolutionProperties) = preSolution
		HideSolutionNode = FALSE
	EndGlobalSection
	GlobalSection(ExtensibilityGlobals) = postSolution
		SolutionGuid = {C2D2DF25-D907-4C93-BC9E-4A5BFF5F2520}
	EndGlobalSection
EndGlobal
